
Microsoft Visual Studio Solution File, Format Version 12.00
# Visual Studio 15
VisualStudioVersion = 15.0.28010.2016
MinimumVisualStudioVersion = 10.0.40219.1
Project("{FAE04EC0-301F-11D3-BF4B-00C04F79EFBC}") = "DutchTreat", "DutchTreat\DutchTreat.csproj", "{9AA98239-0C5C-4DFA-8F6E-618924E5AB99}"
EndProject
Global
	GlobalSection(SolutionConfigurationPlatforms) = preSolution
		Debug|Any CPU = Debug|Any CPU
		Release|Any CPU = Release|Any CPU
	EndGlobalSection
	GlobalSection(ProjectConfigurationPlatforms) = postSolution
		{9AA98239-0C5C-4DFA-8F6E-618924E5AB99}.Debug|Any CPU.ActiveCfg = Debug|Any CPU
		{9AA98239-0C5C-4DFA-8F6E-618924E5AB99}.Debug|Any CPU.Build.0 = Debug|Any CPU
		{9AA98239-0C5C-4DFA-8F6E-618924E5AB99}.Release|Any CPU.ActiveCfg = Release|Any CPU
		{9AA98239-0C5C-4DFA-8F6E-618924E5AB99}.Release|Any CPU.Build.0 = Release|Any CPU
	EndGlobalSection
	GlobalSection(SolutionProperties) = preSolution
		HideSolutionNode = FALSE
	EndGlobalSection
	GlobalSection(ExtensibilityGlobals) = postSolution
		SolutionGuid = {ABB6FD10-FA61-40A0-8A29-35A651F9CDBC}
	EndGlobalSection
EndGlobal
